Microsoft Visual Studio Solution File, Format Version 12.00
# Visual Studio Version 17
VisualStudioVersion = 17.10.35013.160
MinimumVisualStudioVersion = 10.0.40219.1
Project("{9A19103F-16F7-4668-BE54-9A1E7A4F7556}") = "PesqAntibiDesktop", "PesqAntibiDesktop\PesqAntibiDesktop.csproj", "{4A82E490-F5E5-40CE-9B81-8E22D5E029C8}"
EndProject
Project("{9A19103F-16F7-4668-BE54-9A1E7A4F7556}") = "Dados", "Dados\Dados.csproj", "{5E2C6F8F-D0E4-4027-BE2D-66914419EDB0}"
EndProject
Project("{2150E333-8FDC-42A3-9474-1A3956D46DE8}") = "Solution Items", "Solution Items", "{119AAB68-D76E-4201-A10E-B492CB6ADFC0}"
	ProjectSection(SolutionItems) = preProject
		.editorconfig = .editorconfig
	EndProjectSection
EndProject
Project("{FAE04EC0-301F-11D3-BF4B-00C04F79EFBC}") = "ViewConsole", "ViewConsole\ViewConsole.csproj", "{295F60FC-84CF-4DCE-877B-EE9F12C01D8D}"
EndProject
Global
	GlobalSection(SolutionConfigurationPlatforms) = preSolution
		Debug|Any CPU = Debug|Any CPU
		Release|Any CPU = Release|Any CPU
	EndGlobalSection
	GlobalSection(ProjectConfigurationPlatforms) = postSolution
		{4A82E490-F5E5-40CE-9B81-8E22D5E029C8}.Debug|Any CPU.ActiveCfg = Debug|Any CPU
		{4A82E490-F5E5-40CE-9B81-8E22D5E029C8}.Debug|Any CPU.Build.0 = Debug|Any CPU
		{4A82E490-F5E5-40CE-9B81-8E22D5E029C8}.Release|Any CPU.ActiveCfg = Release|Any CPU
		{4A82E490-F5E5-40CE-9B81-8E22D5E029C8}.Release|Any CPU.Build.0 = Release|Any CPU
		{5E2C6F8F-D0E4-4027-BE2D-66914419EDB0}.Debug|Any CPU.ActiveCfg = Debug|Any CPU
		{5E2C6F8F-D0E4-4027-BE2D-66914419EDB0}.Debug|Any CPU.Build.0 = Debug|Any CPU
		{5E2C6F8F-D0E4-4027-BE2D-66914419EDB0}.Release|Any CPU.ActiveCfg = Release|Any CPU
		{5E2C6F8F-D0E4-4027-BE2D-66914419EDB0}.Release|Any CPU.Build.0 = Release|Any CPU
		{295F60FC-84CF-4DCE-877B-EE9F12C01D8D}.Debug|Any CPU.ActiveCfg = Debug|Any CPU
		{295F60FC-84CF-4DCE-877B-EE9F12C01D8D}.Debug|Any CPU.Build.0 = Debug|Any CPU
		{295F60FC-84CF-4DCE-877B-EE9F12C01D8D}.Release|Any CPU.ActiveCfg = Release|Any CPU
		{295F60FC-84CF-4DCE-877B-EE9F12C01D8D}.Release|Any CPU.Build.0 = Release|Any CPU
	EndGlobalSection
	GlobalSection(SolutionProperties) = preSolution
		HideSolutionNode = FALSE
	EndGlobalSection
	GlobalSection(ExtensibilityGlobals) = postSolution
		SolutionGuid = {4F505F35-6202-4107-B4DB-BEDEAFA2B788}
	EndGlobalSection
EndGlobal
